{
  "name": "pagination",
  "version": "1.0.0",
  "lockfileVersion": 1,
  "requires": true,
  "dependencies": {
    "jw-paginate": {
      "version": "1.0.2",
      "resolved": "http://r.cnpmjs.org/jw-paginate/download/jw-paginate-1.0.2.tgz",
      "integrity": "sha1-OM/LfmOX2CjpNTuU08dyERb3Rx0="
    }
  }
}
